
Microsoft Visual Studio Solution File, Format Version 12.00
# Visual Studio Version 17
VisualStudioVersion = 17.3.32929.385
MinimumVisualStudioVersion = 10.0.40219.1
Project("{2150E333-8FDC-42A3-9474-1A3956D46DE8}") = "Solution Items", "Solution Items", "{E792719F-0DC7-4336-9CE4-05DC744C5DA0}"
	ProjectSection(SolutionItems) = preProject
		readme.md = readme.md
		sample.ps1 = sample.ps1
	EndProjectSection
EndProject
Project("{9A19103F-16F7-4668-BE54-9A1E7A4F7556}") = "NotesFormApp", "NotesFormApp\NotesFormApp.csproj", "{CBF6EB7E-9631-48E6-B545-DFD415C72EFF}"
EndProject
Project("{2150E333-8FDC-42A3-9474-1A3956D46DE8}") = "WinForms projects", "WinForms projects", "{951DC843-9C44-474C-9DCA-3FE0CC36BE83}"
EndProject
Project("{2150E333-8FDC-42A3-9474-1A3956D46DE8}") = "Console projects core 6", "Console projects core 6", "{2F7230F6-66C5-4078-8B20-169C062397A7}"
EndProject
Project("{2150E333-8FDC-42A3-9474-1A3956D46DE8}") = "Web projects", "Web projects", "{C96BB12B-C00E-4C41-9550-1DE40A2D980E}"
EndProject
Project("{9A19103F-16F7-4668-BE54-9A1E7A4F7556}") = "NotesRazorApp", "NotesRazorApp\NotesRazorApp.csproj", "{D4CC8FE4-F5BF-411E-B672-A23E35859C22}"
EndProject
Project("{2150E333-8FDC-42A3-9474-1A3956D46DE8}") = "Console projects core 7", "Console projects core 7", "{C3BF1854-C527-4889-9DB0-6DA6CA4C1431}"
EndProject
Project("{2150E333-8FDC-42A3-9474-1A3956D46DE8}") = "Class projects", "Class projects", "{EDBFA07E-C980-4B74-A006-8A695FE574C8}"
EndProject
Project("{9A19103F-16F7-4668-BE54-9A1E7A4F7556}") = "SqlServerLibrary", "SqlServerLibrary\SqlServerLibrary.csproj", "{37D9D195-8701-4379-9881-ED3AABFF35C7}"
EndProject
Project("{FAE04EC0-301F-11D3-BF4B-00C04F79EFBC}") = "CreateDynamicControls", "CreateDynamicControls\CreateDynamicControls.csproj", "{B09FA7C0-E3C2-4DDD-A7CC-8D7046A1041A}"
EndProject
Project("{9A19103F-16F7-4668-BE54-9A1E7A4F7556}") = "KP_ConsoleAppNet62", "KP_ConsoleAppNet62\KP_ConsoleAppNet62.csproj", "{9874A3F4-8EF9-49AD-B8F7-CE5C7E9D0F0C}"
EndProject
Project("{9A19103F-16F7-4668-BE54-9A1E7A4F7556}") = "ValidationLibrary", "ValidationLibrary\ValidationLibrary.csproj", "{1D631B12-9A16-4B1E-AB15-BE340002850D}"
EndProject
Project("{9A19103F-16F7-4668-BE54-9A1E7A4F7556}") = "ValidationApp", "ValidationApp\ValidationApp.csproj", "{06F1FB84-1E94-4F3A-ACCF-A0863AD7860A}"
EndProject
Project("{9A19103F-16F7-4668-BE54-9A1E7A4F7556}") = "BindingListLibrary", "BindingListLibrary\BindingListLibrary.csproj", "{4FF68027-EDCF-4EAC-83B2-AF6C21C95AB1}"
EndProject
Project("{9A19103F-16F7-4668-BE54-9A1E7A4F7556}") = "NewtonsoftDateOnlyTimeOnlyApp", "NewtonsoftDateOnlyTimeOnlyApp\NewtonsoftDateOnlyTimeOnlyApp.csproj", "{89F7F1A9-050D-46EE-9052-8922A621F88B}"
EndProject
Project("{9A19103F-16F7-4668-BE54-9A1E7A4F7556}") = "ComboBoxDemo", "ComboBoxDemo\ComboBoxDemo.csproj", "{E528239C-77FA-4F96-BEF8-F7A9418CC8B5}"
EndProject
Project("{2150E333-8FDC-42A3-9474-1A3956D46DE8}") = "Excel", "Excel", "{D7EDD329-EB0A-4958-9A09-51A25674A967}"
EndProject
Project("{9A19103F-16F7-4668-BE54-9A1E7A4F7556}") = "SpreadSheetLight1", "SpreadSheetLight1\SpreadSheetLight1.csproj", "{578EDD18-3021-48C4-9522-D30AA2C7F0F5}"
EndProject
Project("{FAE04EC0-301F-11D3-BF4B-00C04F79EFBC}") = "WindowsFormsApp1", "WindowsFormsApp1\WindowsFormsApp1.csproj", "{80077637-374F-405B-9D9D-7A7DEE872CF1}"
EndProject
Project("{FAE04EC0-301F-11D3-BF4B-00C04F79EFBC}") = "DynamicButtonsApp", "DynamicButtonsApp\DynamicButtonsApp.csproj", "{57B4FEE4-F2E8-4CF2-8E01-9A1053C7F68C}"
EndProject
Global
	GlobalSection(SolutionConfigurationPlatforms) = preSolution
		Debug|Any CPU = Debug|Any CPU
		Release|Any CPU = Release|Any CPU
	EndGlobalSection
	GlobalSection(ProjectConfigurationPlatforms) = postSolution
		{CBF6EB7E-9631-48E6-B545-DFD415C72EFF}.Debug|Any CPU.ActiveCfg = Debug|Any CPU
		{CBF6EB7E-9631-48E6-B545-DFD415C72EFF}.Debug|Any CPU.Build.0 = Debug|Any CPU
		{CBF6EB7E-9631-48E6-B545-DFD415C72EFF}.Release|Any CPU.ActiveCfg = Release|Any CPU
		{CBF6EB7E-9631-48E6-B545-DFD415C72EFF}.Release|Any CPU.Build.0 = Release|Any CPU
		{D4CC8FE4-F5BF-411E-B672-A23E35859C22}.Debug|Any CPU.ActiveCfg = Debug|Any CPU
		{D4CC8FE4-F5BF-411E-B672-A23E35859C22}.Debug|Any CPU.Build.0 = Debug|Any CPU
		{D4CC8FE4-F5BF-411E-B672-A23E35859C22}.Release|Any CPU.ActiveCfg = Release|Any CPU
		{D4CC8FE4-F5BF-411E-B672-A23E35859C22}.Release|Any CPU.Build.0 = Release|Any CPU
		{37D9D195-8701-4379-9881-ED3AABFF35C7}.Debug|Any CPU.ActiveCfg = Debug|Any CPU
		{37D9D195-8701-4379-9881-ED3AABFF35C7}.Debug|Any CPU.Build.0 = Debug|Any CPU
		{37D9D195-8701-4379-9881-ED3AABFF35C7}.Release|Any CPU.ActiveCfg = Release|Any CPU
		{37D9D195-8701-4379-9881-ED3AABFF35C7}.Release|Any CPU.Build.0 = Release|Any CPU
		{B09FA7C0-E3C2-4DDD-A7CC-8D7046A1041A}.Debug|Any CPU.ActiveCfg = Debug|Any CPU
		{B09FA7C0-E3C2-4DDD-A7CC-8D7046A1041A}.Debug|Any CPU.Build.0 = Debug|Any CPU
		{B09FA7C0-E3C2-4DDD-A7CC-8D7046A1041A}.Release|Any CPU.ActiveCfg = Release|Any CPU
		{B09FA7C0-E3C2-4DDD-A7CC-8D7046A1041A}.Release|Any CPU.Build.0 = Release|Any CPU
		{9874A3F4-8EF9-49AD-B8F7-CE5C7E9D0F0C}.Debug|Any CPU.ActiveCfg = Debug|Any CPU
		{9874A3F4-8EF9-49AD-B8F7-CE5C7E9D0F0C}.Debug|Any CPU.Build.0 = Debug|Any CPU
		{9874A3F4-8EF9-49AD-B8F7-CE5C7E9D0F0C}.Release|Any CPU.ActiveCfg = Release|Any CPU
		{9874A3F4-8EF9-49AD-B8F7-CE5C7E9D0F0C}.Release|Any CPU.Build.0 = Release|Any CPU
		{1D631B12-9A16-4B1E-AB15-BE340002850D}.Debug|Any CPU.ActiveCfg = Debug|Any CPU
		{1D631B12-9A16-4B1E-AB15-BE340002850D}.Debug|Any CPU.Build.0 = Debug|Any CPU
		{1D631B12-9A16-4B1E-AB15-BE340002850D}.Release|Any CPU.ActiveCfg = Release|Any CPU
		{1D631B12-9A16-4B1E-AB15-BE340002850D}.Release|Any CPU.Build.0 = Release|Any CPU
		{06F1FB84-1E94-4F3A-ACCF-A0863AD7860A}.Debug|Any CPU.ActiveCfg = Debug|Any CPU
		{06F1FB84-1E94-4F3A-ACCF-A0863AD7860A}.Debug|Any CPU.Build.0 = Debug|Any CPU
		{06F1FB84-1E94-4F3A-ACCF-A0863AD7860A}.Release|Any CPU.ActiveCfg = Release|Any CPU
		{06F1FB84-1E94-4F3A-ACCF-A0863AD7860A}.Release|Any CPU.Build.0 = Release|Any CPU
		{4FF68027-EDCF-4EAC-83B2-AF6C21C95AB1}.Debug|Any CPU.ActiveCfg = Debug|Any CPU
		{4FF68027-EDCF-4EAC-83B2-AF6C21C95AB1}.Debug|Any CPU.Build.0 = Debug|Any CPU
		{4FF68027-EDCF-4EAC-83B2-AF6C21C95AB1}.Release|Any CPU.ActiveCfg = Release|Any CPU
		{4FF68027-EDCF-4EAC-83B2-AF6C21C95AB1}.Release|Any CPU.Build.0 = Release|Any CPU
		{89F7F1A9-050D-46EE-9052-8922A621F88B}.Debug|Any CPU.ActiveCfg = Debug|Any CPU
		{89F7F1A9-050D-46EE-9052-8922A621F88B}.Debug|Any CPU.Build.0 = Debug|Any CPU
		{89F7F1A9-050D-46EE-9052-8922A621F88B}.Release|Any CPU.ActiveCfg = Release|Any CPU
		{89F7F1A9-050D-46EE-9052-8922A621F88B}.Release|Any CPU.Build.0 = Release|Any CPU
		{E528239C-77FA-4F96-BEF8-F7A9418CC8B5}.Debug|Any CPU.ActiveCfg = Debug|Any CPU
		{E528239C-77FA-4F96-BEF8-F7A9418CC8B5}.Debug|Any CPU.Build.0 = Debug|Any CPU
		{E528239C-77FA-4F96-BEF8-F7A9418CC8B5}.Release|Any CPU.ActiveCfg = Release|Any CPU
		{E528239C-77FA-4F96-BEF8-F7A9418CC8B5}.Release|Any CPU.Build.0 = Release|Any CPU
		{578EDD18-3021-48C4-9522-D30AA2C7F0F5}.Debug|Any CPU.ActiveCfg = Debug|Any CPU
		{578EDD18-3021-48C4-9522-D30AA2C7F0F5}.Debug|Any CPU.Build.0 = Debug|Any CPU
		{578EDD18-3021-48C4-9522-D30AA2C7F0F5}.Release|Any CPU.ActiveCfg = Release|Any CPU
		{578EDD18-3021-48C4-9522-D30AA2C7F0F5}.Release|Any CPU.Build.0 = Release|Any CPU
		{80077637-374F-405B-9D9D-7A7DEE872CF1}.Debug|Any CPU.ActiveCfg = Debug|Any CPU
		{80077637-374F-405B-9D9D-7A7DEE872CF1}.Debug|Any CPU.Build.0 = Debug|Any CPU
		{80077637-374F-405B-9D9D-7A7DEE872CF1}.Release|Any CPU.ActiveCfg = Release|Any CPU
		{80077637-374F-405B-9D9D-7A7DEE872CF1}.Release|Any CPU.Build.0 = Release|Any CPU
		{57B4FEE4-F2E8-4CF2-8E01-9A1053C7F68C}.Debug|Any CPU.ActiveCfg = Debug|Any CPU
		{57B4FEE4-F2E8-4CF2-8E01-9A1053C7F68C}.Debug|Any CPU.Build.0 = Debug|Any CPU
		{57B4FEE4-F2E8-4CF2-8E01-9A1053C7F68C}.Release|Any CPU.ActiveCfg = Release|Any CPU
		{57B4FEE4-F2E8-4CF2-8E01-9A1053C7F68C}.Release|Any CPU.Build.0 = Release|Any CPU
	EndGlobalSection
	GlobalSection(SolutionProperties) = preSolution
		HideSolutionNode = FALSE
	EndGlobalSection
	GlobalSection(NestedProjects) = preSolution
		{CBF6EB7E-9631-48E6-B545-DFD415C72EFF} = {951DC843-9C44-474C-9DCA-3FE0CC36BE83}
		{D4CC8FE4-F5BF-411E-B672-A23E35859C22} = {C96BB12B-C00E-4C41-9550-1DE40A2D980E}
		{37D9D195-8701-4379-9881-ED3AABFF35C7} = {EDBFA07E-C980-4B74-A006-8A695FE574C8}
		{B09FA7C0-E3C2-4DDD-A7CC-8D7046A1041A} = {951DC843-9C44-474C-9DCA-3FE0CC36BE83}
		{9874A3F4-8EF9-49AD-B8F7-CE5C7E9D0F0C} = {C3BF1854-C527-4889-9DB0-6DA6CA4C1431}
		{1D631B12-9A16-4B1E-AB15-BE340002850D} = {EDBFA07E-C980-4B74-A006-8A695FE574C8}
		{06F1FB84-1E94-4F3A-ACCF-A0863AD7860A} = {2F7230F6-66C5-4078-8B20-169C062397A7}
		{4FF68027-EDCF-4EAC-83B2-AF6C21C95AB1} = {EDBFA07E-C980-4B74-A006-8A695FE574C8}
		{89F7F1A9-050D-46EE-9052-8922A621F88B} = {C3BF1854-C527-4889-9DB0-6DA6CA4C1431}
		{E528239C-77FA-4F96-BEF8-F7A9418CC8B5} = {951DC843-9C44-474C-9DCA-3FE0CC36BE83}
		{578EDD18-3021-48C4-9522-D30AA2C7F0F5} = {D7EDD329-EB0A-4958-9A09-51A25674A967}
		{80077637-374F-405B-9D9D-7A7DEE872CF1} = {951DC843-9C44-474C-9DCA-3FE0CC36BE83}
		{57B4FEE4-F2E8-4CF2-8E01-9A1053C7F68C} = {951DC843-9C44-474C-9DCA-3FE0CC36BE83}
	EndGlobalSection
	GlobalSection(ExtensibilityGlobals) = postSolution
		SolutionGuid = {7591A428-3162-447A-841E-2476901C3B3A}
	EndGlobalSection
EndGlobal
