
Microsoft Visual Studio Solution File, Format Version 12.00
# Visual Studio Version 17
VisualStudioVersion = 17.3.32929.385
MinimumVisualStudioVersion = 10.0.40219.1
Project("{2150E333-8FDC-42A3-9474-1A3956D46DE8}") = "Solution Items", "Solution Items", "{E792719F-0DC7-4336-9CE4-05DC744C5DA0}"
	ProjectSection(SolutionItems) = preProject
		readme.md = readme.md
	EndProjectSection
EndProject
Project("{9A19103F-16F7-4668-BE54-9A1E7A4F7556}") = "GreetingsConsoleApp", "GreetingsConsoleApp\GreetingsConsoleApp.csproj", "{A1837DA6-4E37-4D4A-992B-96616EC6AF21}"
EndProject
Project("{9A19103F-16F7-4668-BE54-9A1E7A4F7556}") = "NotesFormApp", "NotesFormApp\NotesFormApp.csproj", "{CBF6EB7E-9631-48E6-B545-DFD415C72EFF}"
EndProject
Project("{2150E333-8FDC-42A3-9474-1A3956D46DE8}") = "WinForms projects", "WinForms projects", "{951DC843-9C44-474C-9DCA-3FE0CC36BE83}"
EndProject
Project("{2150E333-8FDC-42A3-9474-1A3956D46DE8}") = "Console projects core 6", "Console projects core 6", "{2F7230F6-66C5-4078-8B20-169C062397A7}"
EndProject
Project("{2150E333-8FDC-42A3-9474-1A3956D46DE8}") = "Web projects", "Web projects", "{C96BB12B-C00E-4C41-9550-1DE40A2D980E}"
EndProject
Project("{9A19103F-16F7-4668-BE54-9A1E7A4F7556}") = "NotesRazorApp", "NotesRazorApp\NotesRazorApp.csproj", "{D4CC8FE4-F5BF-411E-B672-A23E35859C22}"
EndProject
Project("{9A19103F-16F7-4668-BE54-9A1E7A4F7556}") = "KP_ConsoleAppNet61", "KP_ConsoleAppNet61\KP_ConsoleAppNet61.csproj", "{4BB2B21B-8BE7-42CA-B26B-76B33723BBB1}"
EndProject
Project("{2150E333-8FDC-42A3-9474-1A3956D46DE8}") = "Console projects core 7", "Console projects core 7", "{C3BF1854-C527-4889-9DB0-6DA6CA4C1431}"
EndProject
Project("{9A19103F-16F7-4668-BE54-9A1E7A4F7556}") = "ConsoleWorkingWithCsharp11", "ConsoleWorkingWithCsharp11\ConsoleWorkingWithCsharp11.csproj", "{CDBCC604-2356-4E88-B33C-6A2B3789CCF4}"
EndProject
Project("{2150E333-8FDC-42A3-9474-1A3956D46DE8}") = "Class projects", "Class projects", "{EDBFA07E-C980-4B74-A006-8A695FE574C8}"
EndProject
Project("{9A19103F-16F7-4668-BE54-9A1E7A4F7556}") = "Notifications", "WindowsNotifications\Notifications.csproj", "{86B81BE0-D826-4A9E-B095-8982E2D24716}"
EndProject
Project("{9A19103F-16F7-4668-BE54-9A1E7A4F7556}") = "BasicSqlServerPasswordApp", "BasicSqlServerPasswordApp\BasicSqlServerPasswordApp.csproj", "{BB7FEF82-7573-410E-839A-0A0FD34CC277}"
EndProject
Project("{9A19103F-16F7-4668-BE54-9A1E7A4F7556}") = "SqlServerLibrary", "SqlServerLibrary\SqlServerLibrary.csproj", "{37D9D195-8701-4379-9881-ED3AABFF35C7}"
EndProject
Project("{FAE04EC0-301F-11D3-BF4B-00C04F79EFBC}") = "CreateDynamicControls", "CreateDynamicControls\CreateDynamicControls.csproj", "{B09FA7C0-E3C2-4DDD-A7CC-8D7046A1041A}"
EndProject
Project("{FAE04EC0-301F-11D3-BF4B-00C04F79EFBC}") = "SqlServerDateTime2PrecisionApp", "SqlServerDateTime2PrecisionApp\SqlServerDateTime2PrecisionApp.csproj", "{4AF0AF43-FE35-44E6-818B-DF43108BD005}"
EndProject
Global
	GlobalSection(SolutionConfigurationPlatforms) = preSolution
		Debug|Any CPU = Debug|Any CPU
		Release|Any CPU = Release|Any CPU
	EndGlobalSection
	GlobalSection(ProjectConfigurationPlatforms) = postSolution
		{A1837DA6-4E37-4D4A-992B-96616EC6AF21}.Debug|Any CPU.ActiveCfg = Debug|Any CPU
		{A1837DA6-4E37-4D4A-992B-96616EC6AF21}.Debug|Any CPU.Build.0 = Debug|Any CPU
		{A1837DA6-4E37-4D4A-992B-96616EC6AF21}.Release|Any CPU.ActiveCfg = Release|Any CPU
		{A1837DA6-4E37-4D4A-992B-96616EC6AF21}.Release|Any CPU.Build.0 = Release|Any CPU
		{CBF6EB7E-9631-48E6-B545-DFD415C72EFF}.Debug|Any CPU.ActiveCfg = Debug|Any CPU
		{CBF6EB7E-9631-48E6-B545-DFD415C72EFF}.Debug|Any CPU.Build.0 = Debug|Any CPU
		{CBF6EB7E-9631-48E6-B545-DFD415C72EFF}.Release|Any CPU.ActiveCfg = Release|Any CPU
		{CBF6EB7E-9631-48E6-B545-DFD415C72EFF}.Release|Any CPU.Build.0 = Release|Any CPU
		{D4CC8FE4-F5BF-411E-B672-A23E35859C22}.Debug|Any CPU.ActiveCfg = Debug|Any CPU
		{D4CC8FE4-F5BF-411E-B672-A23E35859C22}.Debug|Any CPU.Build.0 = Debug|Any CPU
		{D4CC8FE4-F5BF-411E-B672-A23E35859C22}.Release|Any CPU.ActiveCfg = Release|Any CPU
		{D4CC8FE4-F5BF-411E-B672-A23E35859C22}.Release|Any CPU.Build.0 = Release|Any CPU
		{4BB2B21B-8BE7-42CA-B26B-76B33723BBB1}.Debug|Any CPU.ActiveCfg = Debug|Any CPU
		{4BB2B21B-8BE7-42CA-B26B-76B33723BBB1}.Debug|Any CPU.Build.0 = Debug|Any CPU
		{4BB2B21B-8BE7-42CA-B26B-76B33723BBB1}.Release|Any CPU.ActiveCfg = Release|Any CPU
		{4BB2B21B-8BE7-42CA-B26B-76B33723BBB1}.Release|Any CPU.Build.0 = Release|Any CPU
		{CDBCC604-2356-4E88-B33C-6A2B3789CCF4}.Debug|Any CPU.ActiveCfg = Debug|Any CPU
		{CDBCC604-2356-4E88-B33C-6A2B3789CCF4}.Debug|Any CPU.Build.0 = Debug|Any CPU
		{CDBCC604-2356-4E88-B33C-6A2B3789CCF4}.Release|Any CPU.ActiveCfg = Release|Any CPU
		{CDBCC604-2356-4E88-B33C-6A2B3789CCF4}.Release|Any CPU.Build.0 = Release|Any CPU
		{86B81BE0-D826-4A9E-B095-8982E2D24716}.Debug|Any CPU.ActiveCfg = Debug|Any CPU
		{86B81BE0-D826-4A9E-B095-8982E2D24716}.Debug|Any CPU.Build.0 = Debug|Any CPU
		{86B81BE0-D826-4A9E-B095-8982E2D24716}.Release|Any CPU.ActiveCfg = Release|Any CPU
		{86B81BE0-D826-4A9E-B095-8982E2D24716}.Release|Any CPU.Build.0 = Release|Any CPU
		{BB7FEF82-7573-410E-839A-0A0FD34CC277}.Debug|Any CPU.ActiveCfg = Debug|Any CPU
		{BB7FEF82-7573-410E-839A-0A0FD34CC277}.Debug|Any CPU.Build.0 = Debug|Any CPU
		{BB7FEF82-7573-410E-839A-0A0FD34CC277}.Release|Any CPU.ActiveCfg = Release|Any CPU
		{BB7FEF82-7573-410E-839A-0A0FD34CC277}.Release|Any CPU.Build.0 = Release|Any CPU
		{37D9D195-8701-4379-9881-ED3AABFF35C7}.Debug|Any CPU.ActiveCfg = Debug|Any CPU
		{37D9D195-8701-4379-9881-ED3AABFF35C7}.Debug|Any CPU.Build.0 = Debug|Any CPU
		{37D9D195-8701-4379-9881-ED3AABFF35C7}.Release|Any CPU.ActiveCfg = Release|Any CPU
		{37D9D195-8701-4379-9881-ED3AABFF35C7}.Release|Any CPU.Build.0 = Release|Any CPU
		{B09FA7C0-E3C2-4DDD-A7CC-8D7046A1041A}.Debug|Any CPU.ActiveCfg = Debug|Any CPU
		{B09FA7C0-E3C2-4DDD-A7CC-8D7046A1041A}.Debug|Any CPU.Build.0 = Debug|Any CPU
		{B09FA7C0-E3C2-4DDD-A7CC-8D7046A1041A}.Release|Any CPU.ActiveCfg = Release|Any CPU
		{B09FA7C0-E3C2-4DDD-A7CC-8D7046A1041A}.Release|Any CPU.Build.0 = Release|Any CPU
		{4AF0AF43-FE35-44E6-818B-DF43108BD005}.Debug|Any CPU.ActiveCfg = Debug|Any CPU
		{4AF0AF43-FE35-44E6-818B-DF43108BD005}.Debug|Any CPU.Build.0 = Debug|Any CPU
		{4AF0AF43-FE35-44E6-818B-DF43108BD005}.Release|Any CPU.ActiveCfg = Release|Any CPU
		{4AF0AF43-FE35-44E6-818B-DF43108BD005}.Release|Any CPU.Build.0 = Release|Any CPU
	EndGlobalSection
	GlobalSection(SolutionProperties) = preSolution
		HideSolutionNode = FALSE
	EndGlobalSection
	GlobalSection(NestedProjects) = preSolution
		{A1837DA6-4E37-4D4A-992B-96616EC6AF21} = {2F7230F6-66C5-4078-8B20-169C062397A7}
		{CBF6EB7E-9631-48E6-B545-DFD415C72EFF} = {951DC843-9C44-474C-9DCA-3FE0CC36BE83}
		{D4CC8FE4-F5BF-411E-B672-A23E35859C22} = {C96BB12B-C00E-4C41-9550-1DE40A2D980E}
		{4BB2B21B-8BE7-42CA-B26B-76B33723BBB1} = {2F7230F6-66C5-4078-8B20-169C062397A7}
		{CDBCC604-2356-4E88-B33C-6A2B3789CCF4} = {C3BF1854-C527-4889-9DB0-6DA6CA4C1431}
		{86B81BE0-D826-4A9E-B095-8982E2D24716} = {951DC843-9C44-474C-9DCA-3FE0CC36BE83}
		{BB7FEF82-7573-410E-839A-0A0FD34CC277} = {C3BF1854-C527-4889-9DB0-6DA6CA4C1431}
		{37D9D195-8701-4379-9881-ED3AABFF35C7} = {EDBFA07E-C980-4B74-A006-8A695FE574C8}
		{B09FA7C0-E3C2-4DDD-A7CC-8D7046A1041A} = {951DC843-9C44-474C-9DCA-3FE0CC36BE83}
		{4AF0AF43-FE35-44E6-818B-DF43108BD005} = {C3BF1854-C527-4889-9DB0-6DA6CA4C1431}
	EndGlobalSection
	GlobalSection(ExtensibilityGlobals) = postSolution
		SolutionGuid = {7591A428-3162-447A-841E-2476901C3B3A}
	EndGlobalSection
EndGlobal
